
Microsoft Visual Studio Solution File, Format Version 12.00
# Visual Studio Version 17
VisualStudioVersion = 17.11.35327.3
MinimumVisualStudioVersion = 10.0.40219.1
Project("{9A19103F-16F7-4668-BE54-9A1E7A4F7556}") = "ConsoleApp1", "ConsoleApp1\ConsoleApp1.csproj", "{D5D4A0B1-93C1-4E9F-AF98-D7FC4E694074}"
EndProject
Project("{9A19103F-16F7-4668-BE54-9A1E7A4F7556}") = "numero positivo ou negativo", "numero positivo ou negativo\numero positivo ou negativo.csproj", "{5FD42501-4C76-4AF0-919D-6B5CF61D1753}"
EndProject
Project("{9A19103F-16F7-4668-BE54-9A1E7A4F7556}") = "Aprovação de Aluno", "Aprovação de Aluno\Aprovação de Aluno.csproj", "{CA2DB79A-0D26-4A88-B5BF-26175E1CFEF0}"
EndProject
Project("{9A19103F-16F7-4668-BE54-9A1E7A4F7556}") = "Intervalo de Valores", "Intervalo de Valores\Intervalo de Valores.csproj", "{208E6D33-EC5F-456C-97CE-55744E4BBE66}"
EndProject
Project("{9A19103F-16F7-4668-BE54-9A1E7A4F7556}") = "Verificação de Idade", "Verificação de Idade\Verificação de Idade.csproj", "{1F233784-1908-4C78-9C7A-A19C6D2490E3}"
EndProject
Project("{9A19103F-16F7-4668-BE54-9A1E7A4F7556}") = "Classificação de Notas", "Classificação de Notas\Classificação de Notas.csproj", "{2FCABECE-6DB6-43DA-95C7-59917712718C}"
EndProject
Project("{9A19103F-16F7-4668-BE54-9A1E7A4F7556}") = "Comparação de Números", "Comparação de Números\Comparação de Números.csproj", "{547546FC-F6BD-43E6-917D-DAA3372FDB10}"
EndProject
Project("{FAE04EC0-301F-11D3-BF4B-00C04F79EFBC}") = "Verificação de Votação", "Verificação de Votação\Verificação de Votação.csproj", "{8250168E-0229-4DDC-A7F1-ADD93C0B579E}"
EndProject
Project("{FAE04EC0-301F-11D3-BF4B-00C04F79EFBC}") = "Dia da Semana", "Dia da Semana\Dia da Semana.csproj", "{F635E7E2-691E-4911-A81E-FFD663AC507A}"
EndProject
Project("{FAE04EC0-301F-11D3-BF4B-00C04F79EFBC}") = "Cálculo do Desconto", "Cálculo do Desconto\Cálculo do Desconto.csproj", "{5A0156A7-C100-43CB-B7FB-468CE726C8D7}"
EndProject
Global
	GlobalSection(SolutionConfigurationPlatforms) = preSolution
		Debug|Any CPU = Debug|Any CPU
		Release|Any CPU = Release|Any CPU
	EndGlobalSection
	GlobalSection(ProjectConfigurationPlatforms) = postSolution
		{D5D4A0B1-93C1-4E9F-AF98-D7FC4E694074}.Debug|Any CPU.ActiveCfg = Debug|Any CPU
		{D5D4A0B1-93C1-4E9F-AF98-D7FC4E694074}.Debug|Any CPU.Build.0 = Debug|Any CPU
		{D5D4A0B1-93C1-4E9F-AF98-D7FC4E694074}.Release|Any CPU.ActiveCfg = Release|Any CPU
		{D5D4A0B1-93C1-4E9F-AF98-D7FC4E694074}.Release|Any CPU.Build.0 = Release|Any CPU
		{5FD42501-4C76-4AF0-919D-6B5CF61D1753}.Debug|Any CPU.ActiveCfg = Debug|Any CPU
		{5FD42501-4C76-4AF0-919D-6B5CF61D1753}.Debug|Any CPU.Build.0 = Debug|Any CPU
		{5FD42501-4C76-4AF0-919D-6B5CF61D1753}.Release|Any CPU.ActiveCfg = Release|Any CPU
		{5FD42501-4C76-4AF0-919D-6B5CF61D1753}.Release|Any CPU.Build.0 = Release|Any CPU
		{CA2DB79A-0D26-4A88-B5BF-26175E1CFEF0}.Debug|Any CPU.ActiveCfg = Debug|Any CPU
		{CA2DB79A-0D26-4A88-B5BF-26175E1CFEF0}.Debug|Any CPU.Build.0 = Debug|Any CPU
		{CA2DB79A-0D26-4A88-B5BF-26175E1CFEF0}.Release|Any CPU.ActiveCfg = Release|Any CPU
		{CA2DB79A-0D26-4A88-B5BF-26175E1CFEF0}.Release|Any CPU.Build.0 = Release|Any CPU
		{208E6D33-EC5F-456C-97CE-55744E4BBE66}.Debug|Any CPU.ActiveCfg = Debug|Any CPU
		{208E6D33-EC5F-456C-97CE-55744E4BBE66}.Debug|Any CPU.Build.0 = Debug|Any CPU
		{208E6D33-EC5F-456C-97CE-55744E4BBE66}.Release|Any CPU.ActiveCfg = Release|Any CPU
		{208E6D33-EC5F-456C-97CE-55744E4BBE66}.Release|Any CPU.Build.0 = Release|Any CPU
		{1F233784-1908-4C78-9C7A-A19C6D2490E3}.Debug|Any CPU.ActiveCfg = Debug|Any CPU
		{1F233784-1908-4C78-9C7A-A19C6D2490E3}.Debug|Any CPU.Build.0 = Debug|Any CPU
		{1F233784-1908-4C78-9C7A-A19C6D2490E3}.Release|Any CPU.ActiveCfg = Release|Any CPU
		{1F233784-1908-4C78-9C7A-A19C6D2490E3}.Release|Any CPU.Build.0 = Release|Any CPU
		{2FCABECE-6DB6-43DA-95C7-59917712718C}.Debug|Any CPU.ActiveCfg = Debug|Any CPU
		{2FCABECE-6DB6-43DA-95C7-59917712718C}.Debug|Any CPU.Build.0 = Debug|Any CPU
		{2FCABECE-6DB6-43DA-95C7-59917712718C}.Release|Any CPU.ActiveCfg = Release|Any CPU
		{2FCABECE-6DB6-43DA-95C7-59917712718C}.Release|Any CPU.Build.0 = Release|Any CPU
		{547546FC-F6BD-43E6-917D-DAA3372FDB10}.Debug|Any CPU.ActiveCfg = Debug|Any CPU
		{547546FC-F6BD-43E6-917D-DAA3372FDB10}.Debug|Any CPU.Build.0 = Debug|Any CPU
		{547546FC-F6BD-43E6-917D-DAA3372FDB10}.Release|Any CPU.ActiveCfg = Release|Any CPU
		{547546FC-F6BD-43E6-917D-DAA3372FDB10}.Release|Any CPU.Build.0 = Release|Any CPU
		{8250168E-0229-4DDC-A7F1-ADD93C0B579E}.Debug|Any CPU.ActiveCfg = Debug|Any CPU
		{8250168E-0229-4DDC-A7F1-ADD93C0B579E}.Debug|Any CPU.Build.0 = Debug|Any CPU
		{8250168E-0229-4DDC-A7F1-ADD93C0B579E}.Release|Any CPU.ActiveCfg = Release|Any CPU
		{8250168E-0229-4DDC-A7F1-ADD93C0B579E}.Release|Any CPU.Build.0 = Release|Any CPU
		{F635E7E2-691E-4911-A81E-FFD663AC507A}.Debug|Any CPU.ActiveCfg = Debug|Any CPU
		{F635E7E2-691E-4911-A81E-FFD663AC507A}.Debug|Any CPU.Build.0 = Debug|Any CPU
		{F635E7E2-691E-4911-A81E-FFD663AC507A}.Release|Any CPU.ActiveCfg = Release|Any CPU
		{F635E7E2-691E-4911-A81E-FFD663AC507A}.Release|Any CPU.Build.0 = Release|Any CPU
		{5A0156A7-C100-43CB-B7FB-468CE726C8D7}.Debug|Any CPU.ActiveCfg = Debug|Any CPU
		{5A0156A7-C100-43CB-B7FB-468CE726C8D7}.Debug|Any CPU.Build.0 = Debug|Any CPU
		{5A0156A7-C100-43CB-B7FB-468CE726C8D7}.Release|Any CPU.ActiveCfg = Release|Any CPU
		{5A0156A7-C100-43CB-B7FB-468CE726C8D7}.Release|Any CPU.Build.0 = Release|Any CPU
	EndGlobalSection
	GlobalSection(SolutionProperties) = preSolution
		HideSolutionNode = FALSE
	EndGlobalSection
	GlobalSection(ExtensibilityGlobals) = postSolution
		SolutionGuid = {CC0B7465-5BFB-4BF9-ABE7-7CD138F68EEA}
	EndGlobalSection
EndGlobal
